// !$*UTF8*$!
{
	archiveVersion = 1;
	classes = {
	};
	objectVersion = 50;
	objects = {

/* Begin PBXBuildFile section */
		81DBF1D8259BCF560097AAF7 /* UndefinedApp.swift in Sources */ = {isa = PBXBuildFile; fileRef = 81DBF1D7259BCF560097AAF7 /* UndefinedApp.swift */; };
		81DBF1DA259BCF560097AAF7 /* ContentView.swift in Sources */ = {isa = PBXBuildFile; fileRef = 81DBF1D9259BCF560097AAF7 /* ContentView.swift */; };
		81DBF1DC259BCF570097AAF7 /* Assets.xcassets in Resources */ = {isa = PBXBuildFile; fileRef = 81DBF1DB259BCF570097AAF7 /* Assets.xcassets */; };
		81DBF1DF259BCF570097AAF7 /* Preview Assets.xcassets in Resources */ = {isa = PBXBuildFile; fileRef = 81DBF1DE259BCF570097AAF7 /* Preview Assets.xcassets */; };
		81DBF1EA259BCF570097AAF7 /* UndefinedTests.swift in Sources */ = {isa = PBXBuildFile; fileRef = 81DBF1E9259BCF570097AAF7 /* UndefinedTests.swift */; };
		81DBF1F5259BCF570097AAF7 /* UndefinedUITests.swift in Sources */ = {isa = PBXBuildFile; fileRef = 81DBF1F4259BCF570097AAF7 /* UndefinedUITests.swift */; };
/* End PBXBuildFile section */

/* Begin PBXContainerItemProxy section */
		81DBF1E6259BCF570097AAF7 /* PBXContainerItemProxy */ = {
			isa = PBXContainerItemProxy;
			containerPortal = 81DBF1CC259BCF560097AAF7 /* Project object */;
			proxyType = 1;
			remoteGlobalIDString = 81DBF1D3259BCF560097AAF7;
			remoteInfo = Undefined;
		};
		81DBF1F1259BCF570097AAF7 /* PBXContainerItemProxy */ = {
			isa = PBXContainerItemProxy;
			containerPortal = 81DBF1CC259BCF560097AAF7 /* Project object */;
			proxyType = 1;
			remoteGlobalIDString = 81DBF1D3259BCF560097AAF7;
			remoteInfo = Undefined;
		};
/* End PBXContainerItemProxy section */

/* Begin PBXFileReference section */
		81DBF1D4259BCF560097AAF7 /* Undefined.app */ = {isa = PBXFileReference; explicitFileType = wrapper.application; includeInIndex = 0; path = Undefined.app; sourceTree = BUILT_PRODUCTS_DIR; };
		81DBF1D7259BCF560097AAF7 /* UndefinedApp.swift */ = {isa = PBXFileReference; lastKnownFileType = sourcecode.swift; path = UndefinedApp.swift; sourceTree = "<group>"; };
		81DBF1D9259BCF560097AAF7 /* ContentView.swift */ = {isa = PBXFileReference; lastKnownFileType = sourcecode.swift; path = ContentView.swift; sourceTree = "<group>"; };
		81DBF1DB259BCF570097AAF7 /* Assets.xcassets */ = {isa = PBXFileReference; lastKnownFileType = folder.assetcatalog; path = Assets.xcassets; sourceTree = "<group>"; };
		81DBF1DE259BCF570097AAF7 /* Preview Assets.xcassets */ = {isa = PBXFileReference; lastKnownFileType = folder.assetcatalog; path = "Preview Assets.xcassets"; sourceTree = "<group>"; };
		81DBF1E0259BCF570097AAF7 /* Info.plist */ = {isa = PBXFileReference; lastKnownFileType = text.plist.xml; path = Info.plist; sourceTree = "<group>"; };
		81DBF1E5259BCF570097AAF7 /* UndefinedTests.xctest */ = {isa = PBXFileReference; explicitFileType = wrapper.cfbundle; includeInIndex = 0; path = UndefinedTests.xctest; sourceTree = BUILT_PRODUCTS_DIR; };
		81DBF1E9259BCF570097AAF7 /* UndefinedTests.swift */ = {isa = PBXFileReference; lastKnownFileType = sourcecode.swift; path = UndefinedTests.swift; sourceTree = "<group>"; };
		81DBF1EB259BCF570097AAF7 /* Info.plist */ = {isa = PBXFileReference; lastKnownFileType = text.plist.xml; path = Info.plist; sourceTree = "<group>"; };
		81DBF1F0259BCF570097AAF7 /* UndefinedUITests.xctest */ = {isa = PBXFileReference; explicitFileType = wrapper.cfbundle; includeInIndex = 0; path = UndefinedUITests.xctest; sourceTree = BUILT_PRODUCTS_DIR; };
		81DBF1F4259BCF570097AAF7 /* UndefinedUITests.swift */ = {isa = PBXFileReference; lastKnownFileType = sourcecode.swift; path = UndefinedUITests.swift; sourceTree = "<group>"; };
		81DBF1F6259BCF570097AAF7 /* Info.plist */ = {isa = PBXFileReference; lastKnownFileType = text.plist.xml; path = Info.plist; sourceTree = "<group>"; };
/* End PBXFileReference section */

/* Begin PBXFrameworksBuildPhase section */
		81DBF1D1259BCF560097AAF7 /* Frameworks */ = {
			isa = PBXFrameworksBuildPhase;
			buildActionMask = 2147483647;
			files = (
			);
			runOnlyForDeploymentPostprocessing = 0;
		};
		81DBF1E2259BCF570097AAF7 /* Frameworks */ = {
			isa = PBXFrameworksBuildPhase;
			buildActionMask = 2147483647;
			files = (
			);
			runOnlyForDeploymentPostprocessing = 0;
		};
		81DBF1ED259BCF570097AAF7 /* Frameworks */ = {
			isa = PBXFrameworksBuildPhase;
			buildActionMask = 2147483647;
			files = (
			);
			runOnlyForDeploymentPostprocessing = 0;
		};
/* End PBXFrameworksBuildPhase section */

/* Begin PBXGroup section */
		81DBF1CB259BCF560097AAF7 = {
			isa = PBXGroup;
			children = (
				81DBF1D6259BCF560097AAF7 /* Undefined */,
				81DBF1E8259BCF570097AAF7 /* UndefinedTests */,
				81DBF1F3259BCF570097AAF7 /* UndefinedUITests */,
				81DBF1D5259BCF560097AAF7 /* Products */,
			);
			sourceTree = "<group>";
		};
		81DBF1D5259BCF560097AAF7 /* Products */ = {
			isa = PBXGroup;
			children = (
				81DBF1D4259BCF560097AAF7 /* Undefined.app */,
				81DBF1E5259BCF570097AAF7 /* UndefinedTests.xctest */,
				81DBF1F0259BCF570097AAF7 /* UndefinedUITests.xctest */,
			);
			name = Products;
			sourceTree = "<group>";
		};
		81DBF1D6259BCF560097AAF7 /* Undefined */ = {
			isa = PBXGroup;
			children = (
				81DBF1D7259BCF560097AAF7 /* UndefinedApp.swift */,
				81DBF1D9259BCF560097AAF7 /* ContentView.swift */,
				81DBF1DB259BCF570097AAF7 /* Assets.xcassets */,
				81DBF1E0259BCF570097AAF7 /* Info.plist */,
				81DBF1DD259BCF570097AAF7 /* Preview Content */,
			);
			path = Undefined;
			sourceTree = "<group>";
		};
		81DBF1DD259BCF570097AAF7 /* Preview Content */ = {
			isa = PBXGroup;
			children = (
				81DBF1DE259BCF570097AAF7 /* Preview Assets.xcassets */,
			);
			path = "Preview Content";
			sourceTree = "<group>";
		};
		81DBF1E8259BCF570097AAF7 /* UndefinedTests */ = {
			isa = PBXGroup;
			children = (
				81DBF1E9259BCF570097AAF7 /* UndefinedTests.swift */,
				81DBF1EB259BCF570097AAF7 /* Info.plist */,
			);
			path = UndefinedTests;
			sourceTree = "<group>";
		};
		81DBF1F3259BCF570097AAF7 /* UndefinedUITests */ = {
			isa = PBXGroup;
			children = (
				81DBF1F4259BCF570097AAF7 /* UndefinedUITests.swift */,
				81DBF1F6259BCF570097AAF7 /* Info.plist */,
			);
			path = UndefinedUITests;
			sourceTree = "<group>";
		};
/* End PBXGroup section */

/* Begin PBXNativeTarget section */
		81DBF1D3259BCF560097AAF7 /* Undefined */ = {
			isa = PBXNativeTarget;
			buildConfigurationList = 81DBF1F9259BCF570097AAF7 /* Build configuration list for PBXNativeTarget "Undefined" */;
			buildPhases = (
				81DBF1D0259BCF560097AAF7 /* Sources */,
				81DBF1D1259BCF560097AAF7 /* Frameworks */,
				81DBF1D2259BCF560097AAF7 /* Resources */,
			);
			buildRules = (
			);
			dependencies = (
			);
			name = Undefined;
			productName = Undefined;
			productReference = 81DBF1D4259BCF560097AAF7 /* Undefined.app */;
			productType = "com.apple.product-type.application";
		};
		81DBF1E4259BCF570097AAF7 /* UndefinedTests */ = {
			isa = PBXNativeTarget;
			buildConfigurationList = 81DBF1FC259BCF570097AAF7 /* Build configuration list for PBXNativeTarget "UndefinedTests" */;
			buildPhases = (
				81DBF1E1259BCF570097AAF7 /* Sources */,
				81DBF1E2259BCF570097AAF7 /* Frameworks */,
				81DBF1E3259BCF570097AAF7 /* Resources */,
			);
			buildRules = (
			);
			dependencies = (
				81DBF1E7259BCF570097AAF7 /* PBXTargetDependency */,
			);
			name = UndefinedTests;
			productName = UndefinedTests;
			productReference = 81DBF1E5259BCF570097AAF7 /* UndefinedTests.xctest */;
			productType = "com.apple.product-type.bundle.unit-test";
		};
		81DBF1EF259BCF570097AAF7 /* UndefinedUITests */ = {
			isa = PBXNativeTarget;
			buildConfigurationList = 81DBF1FF259BCF570097AAF7 /* Build configuration list for PBXNativeTarget "UndefinedUITests" */;
			buildPhases = (
				81DBF1EC259BCF570097AAF7 /* Sources */,
				81DBF1ED259BCF570097AAF7 /* Frameworks */,
				81DBF1EE259BCF570097AAF7 /* Resources */,
			);
			buildRules = (
			);
			dependencies = (
				81DBF1F2259BCF570097AAF7 /* PBXTargetDependency */,
			);
			name = UndefinedUITests;
			productName = UndefinedUITests;
			productReference = 81DBF1F0259BCF570097AAF7 /* UndefinedUITests.xctest */;
			productType = "com.apple.product-type.bundle.ui-testing";
		};
/* End PBXNativeTarget section */

/* Begin PBXProject section */
		81DBF1CC259BCF560097AAF7 /* Project object */ = {
			isa = PBXProject;
			attributes = {
				LastSwiftUpdateCheck = 1230;
				LastUpgradeCheck = 1230;
				TargetAttributes = {
					81DBF1D3259BCF560097AAF7 = {
						CreatedOnToolsVersion = 12.3;
					};
					81DBF1E4259BCF570097AAF7 = {
						CreatedOnToolsVersion = 12.3;
						TestTargetID = 81DBF1D3259BCF560097AAF7;
					};
					81DBF1EF259BCF570097AAF7 = {
						CreatedOnToolsVersion = 12.3;
						TestTargetID = 81DBF1D3259BCF560097AAF7;
					};
				};
			};
			buildConfigurationList = 81DBF1CF259BCF560097AAF7 /* Build configuration list for PBXProject "Undefined" */;
			compatibilityVersion = "Xcode 9.3";
			developmentRegion = en;
			hasScannedForEncodings = 0;
			knownRegions = (
				en,
				Base,
			);
			mainGroup = 81DBF1CB259BCF560097AAF7;
			productRefGroup = 81DBF1D5259BCF560097AAF7 /* Products */;
			projectDirPath = "";
			projectRoot = "";
			targets = (
				81DBF1D3259BCF560097AAF7 /* Undefined */,
				81DBF1E4259BCF570097AAF7 /* UndefinedTests */,
				81DBF1EF259BCF570097AAF7 /* UndefinedUITests */,
			);
		};
/* End PBXProject section */

/* Begin PBXResourcesBuildPhase section */
		81DBF1D2259BCF560097AAF7 /* Resources */ = {
			isa = PBXResourcesBuildPhase;
			buildActionMask = 2147483647;
			files = (
				81DBF1DF259BCF570097AAF7 /* Preview Assets.xcassets in Resources */,
				81DBF1DC259BCF570097AAF7 /* Assets.xcassets in Resources */,
			);
			runOnlyForDeploymentPostprocessing = 0;
		};
		81DBF1E3259BCF570097AAF7 /* Resources */ = {
			isa = PBXResourcesBuildPhase;
			buildActionMask = 2147483647;
			files = (
			);
			runOnlyForDeploymentPostprocessing = 0;
		};
		81DBF1EE259BCF570097AAF7 /* Resources */ = {
			isa = PBXResourcesBuildPhase;
			buildActionMask = 2147483647;
			files = (
			);
			runOnlyForDeploymentPostprocessing = 0;
		};
/* End PBXResourcesBuildPhase section */

/* Begin PBXSourcesBuildPhase section */
		81DBF1D0259BCF560097AAF7 /* Sources */ = {
			isa = PBXSourcesBuildPhase;
			buildActionMask = 2147483647;
			files = (
				81DBF1DA259BCF560097AAF7 /* ContentView.swift in Sources */,
				81DBF1D8259BCF560097AAF7 /* UndefinedApp.swift in Sources */,
			);
			runOnlyForDeploymentPostprocessing = 0;
		};
		81DBF1E1259BCF570097AAF7 /* Sources */ = {
			isa = PBXSourcesBuildPhase;
			buildActionMask = 2147483647;
			files = (
				81DBF1EA259BCF570097AAF7 /* UndefinedTests.swift in Sources */,
			);
			runOnlyForDeploymentPostprocessing = 0;
		};
		81DBF1EC259BCF570097AAF7 /* Sources */ = {
			isa = PBXSourcesBuildPhase;
			buildActionMask = 2147483647;
			files = (
				81DBF1F5259BCF570097AAF7 /* UndefinedUITests.swift in Sources */,
			);
			runOnlyForDeploymentPostprocessing = 0;
		};
/* End PBXSourcesBuildPhase section */

/* Begin PBXTargetDependency section */
		81DBF1E7259BCF570097AAF7 /* PBXTargetDependency */ = {
			isa = PBXTargetDependency;
			target = 81DBF1D3259BCF560097AAF7 /* Undefined */;
			targetProxy = 81DBF1E6259BCF570097AAF7 /* PBXContainerItemProxy */;
		};
		81DBF1F2259BCF570097AAF7 /* PBXTargetDependency */ = {
			isa = PBXTargetDependency;
			target = 81DBF1D3259BCF560097AAF7 /* Undefined */;
			targetProxy = 81DBF1F1259BCF570097AAF7 /* PBXContainerItemProxy */;
		};
/* End PBXTargetDependency section */

/* Begin XCBuildConfiguration section */
		81DBF1F7259BCF570097AAF7 /* Debug */ = {
			isa = XCBuildConfiguration;
			buildSettings = {
				ALWAYS_SEARCH_USER_PATHS = NO;
				CLANG_ANALYZER_NONNULL = YES;
				CLANG_ANALYZER_NUMBER_OBJECT_CONVERSION = YES_AGGRESSIVE;
				CLANG_CXX_LANGUAGE_STANDARD = "gnu++14";
				CLANG_CXX_LIBRARY = "libc++";
				CLANG_ENABLE_MODULES = YES;
				CLANG_ENABLE_OBJC_ARC = YES;
				CLANG_ENABLE_OBJC_WEAK = YES;
				CLANG_WARN_BLOCK_CAPTURE_AUTORELEASING = YES;
				CLANG_WARN_BOOL_CONVERSION = YES;
				CLANG_WARN_COMMA = YES;
				CLANG_WARN_CONSTANT_CONVERSION = YES;
				CLANG_WARN_DEPRECATED_OBJC_IMPLEMENTATIONS = YES;
				CLANG_WARN_DIRECT_OBJC_ISA_USAGE = YES_ERROR;
				CLANG_WARN_DOCUMENTATION_COMMENTS = YES;
				CLANG_WARN_EMPTY_BODY = YES;
				CLANG_WARN_ENUM_CONVERSION = YES;
				CLANG_WARN_INFINITE_RECURSION = YES;
				CLANG_WARN_INT_CONVERSION = YES;
				CLANG_WARN_NON_LITERAL_NULL_CONVERSION = YES;
				CLANG_WARN_OBJC_IMPLICIT_RETAIN_SELF = YES;
				CLANG_WARN_OBJC_LITERAL_CONVERSION = YES;
				CLANG_WARN_OBJC_ROOT_CLASS = YES_ERROR;
				CLANG_WARN_QUOTED_INCLUDE_IN_FRAMEWORK_HEADER = YES;
				CLANG_WARN_RANGE_LOOP_ANALYSIS = YES;
				CLANG_WARN_STRICT_PROTOTYPES = YES;
				CLANG_WARN_SUSPICIOUS_MOVE = YES;
				CLANG_WARN_UNGUARDED_AVAILABILITY = YES_AGGRESSIVE;
				CLANG_WARN_UNREACHABLE_CODE = YES;
				CLANG_WARN__DUPLICATE_METHOD_MATCH = YES;
				COPY_PHASE_STRIP = NO;
				DEBUG_INFORMATION_FORMAT = dwarf;
				ENABLE_STRICT_OBJC_MSGSEND = YES;
				ENABLE_TESTABILITY = YES;
				GCC_C_LANGUAGE_STANDARD = gnu11;
				GCC_DYNAMIC_NO_PIC = NO;
				GCC_NO_COMMON_BLOCKS = YES;
				GCC_OPTIMIZATION_LEVEL = 0;
				GCC_PREPROCESSOR_DEFINITIONS = (
					"DEBUG=1",
					"$(inherited)",
				);
				GCC_WARN_64_TO_32_BIT_CONVERSION = YES;
				GCC_WARN_ABOUT_RETURN_TYPE = YES_ERROR;
				GCC_WARN_UNDECLARED_SELECTOR = YES;
				GCC_WARN_UNINITIALIZED_AUTOS = YES_AGGRESSIVE;
				GCC_WARN_UNUSED_FUNCTION = YES;
				GCC_WARN_UNUSED_VARIABLE = YES;
				IPHONEOS_DEPLOYMENT_TARGET = 14.3;
				MTL_ENABLE_DEBUG_INFO = INCLUDE_SOURCE;
				MTL_FAST_MATH = YES;
				ONLY_ACTIVE_ARCH = YES;
				SDKROOT = iphoneos;
				SWIFT_ACTIVE_COMPILATION_CONDITIONS = DEBUG;
				SWIFT_OPTIMIZATION_LEVEL = "-Onone";
			};
			name = Debug;
		};
		81DBF1F8259BCF570097AAF7 /* Release */ = {
			isa = XCBuildConfiguration;
			buildSettings = {
				ALWAYS_SEARCH_USER_PATHS = NO;
				CLANG_ANALYZER_NONNULL = YES;
				CLANG_ANALYZER_NUMBER_OBJECT_CONVERSION = YES_AGGRESSIVE;
				CLANG_CXX_LANGUAGE_STANDARD = "gnu++14";
				CLANG_CXX_LIBRARY = "libc++";
				CLANG_ENABLE_MODULES = YES;
				CLANG_ENABLE_OBJC_ARC = YES;
				CLANG_ENABLE_OBJC_WEAK = YES;
				CLANG_WARN_BLOCK_CAPTURE_AUTORELEASING = YES;
				CLANG_WARN_BOOL_CONVERSION = YES;
				CLANG_WARN_COMMA = YES;
				CLANG_WARN_CONSTANT_CONVERSION = YES;
				CLANG_WARN_DEPRECATED_OBJC_IMPLEMENTATIONS = YES;
				CLANG_WARN_DIRECT_OBJC_ISA_USAGE = YES_ERROR;
				CLANG_WARN_DOCUMENTATION_COMMENTS = YES;
				CLANG_WARN_EMPTY_BODY = YES;
				CLANG_WARN_ENUM_CONVERSION = YES;
				CLANG_WARN_INFINITE_RECURSION = YES;
				CLANG_WARN_INT_CONVERSION = YES;
				CLANG_WARN_NON_LITERAL_NULL_CONVERSION = YES;
				CLANG_WARN_OBJC_IMPLICIT_RETAIN_SELF = YES;
				CLANG_WARN_OBJC_LITERAL_CONVERSION = YES;
				CLANG_WARN_OBJC_ROOT_CLASS = YES_ERROR;
				CLANG_WARN_QUOTED_INCLUDE_IN_FRAMEWORK_HEADER = YES;
				CLANG_WARN_RANGE_LOOP_ANALYSIS = YES;
				CLANG_WARN_STRICT_PROTOTYPES = YES;
				CLANG_WARN_SUSPICIOUS_MOVE = YES;
				CLANG_WARN_UNGUARDED_AVAILABILITY = YES_AGGRESSIVE;
				CLANG_WARN_UNREACHABLE_CODE = YES;
				CLANG_WARN__DUPLICATE_METHOD_MATCH = YES;
				COPY_PHASE_STRIP = NO;
				DEBUG_INFORMATION_FORMAT = "dwarf-with-dsym";
				ENABLE_NS_ASSERTIONS = NO;
				ENABLE_STRICT_OBJC_MSGSEND = YES;
				GCC_C_LANGUAGE_STANDARD = gnu11;
				GCC_NO_COMMON_BLOCKS = YES;
				GCC_WARN_64_TO_32_BIT_CONVERSION = YES;
				GCC_WARN_ABOUT_RETURN_TYPE = YES_ERROR;
				GCC_WARN_UNDECLARED_SELECTOR = YES;
				GCC_WARN_UNINITIALIZED_AUTOS = YES_AGGRESSIVE;
				GCC_WARN_UNUSED_FUNCTION = YES;
				GCC_WARN_UNUSED_VARIABLE = YES;
				IPHONEOS_DEPLOYMENT_TARGET = 14.3;
				MTL_ENABLE_DEBUG_INFO = NO;
				MTL_FAST_MATH = YES;
				SDKROOT = iphoneos;
				SWIFT_COMPILATION_MODE = wholemodule;
				SWIFT_OPTIMIZATION_LEVEL = "-O";
				VALIDATE_PRODUCT = YES;
			};
			name = Release;
		};
		81DBF1FA259BCF570097AAF7 /* Debug */ = {
			isa = XCBuildConfiguration;
			buildSettings = {
				ASSETCATALOG_COMPILER_APPICON_NAME = AppIcon;
				ASSETCATALOG_COMPILER_GLOBAL_ACCENT_COLOR_NAME = AccentColor;
				CODE_SIGN_STYLE = Automatic;
				DEVELOPMENT_ASSET_PATHS = "\"Undefined/Preview Content\"";
				DEVELOPMENT_TEAM = 2QKV9Z3799;
				ENABLE_PREVIEWS = YES;
				INFOPLIST_FILE = Undefined/Info.plist;
				IPHONEOS_DEPLOYMENT_TARGET = 14.0;
				LD_RUNPATH_SEARCH_PATHS = (
					"$(inherited)",
					"@executable_path/Frameworks",
				);
				PRODUCT_BUNDLE_IDENTIFIER = com.IslandIdealist.Undefined;
				PRODUCT_NAME = "$(TARGET_NAME)";
				SWIFT_VERSION = 5.0;
				TARGETED_DEVICE_FAMILY = "1,2";
			};
			name = Debug;
		};
		81DBF1FB259BCF570097AAF7 /* Release */ = {
			isa = XCBuildConfiguration;
			buildSettings = {
				ASSETCATALOG_COMPILER_APPICON_NAME = AppIcon;
				ASSETCATALOG_COMPILER_GLOBAL_ACCENT_COLOR_NAME = AccentColor;
				CODE_SIGN_STYLE = Automatic;
				DEVELOPMENT_ASSET_PATHS = "\"Undefined/Preview Content\"";
				DEVELOPMENT_TEAM = 2QKV9Z3799;
				ENABLE_PREVIEWS = YES;
				INFOPLIST_FILE = Undefined/Info.plist;
				IPHONEOS_DEPLOYMENT_TARGET = 14.0;
				LD_RUNPATH_SEARCH_PATHS = (
					"$(inherited)",
					"@executable_path/Frameworks",
				);
				PRODUCT_BUNDLE_IDENTIFIER = com.IslandIdealist.Undefined;
				PRODUCT_NAME = "$(TARGET_NAME)";
				SWIFT_VERSION = 5.0;
				TARGETED_DEVICE_FAMILY = "1,2";
			};
			name = Release;
		};
		81DBF1FD259BCF570097AAF7 /* Debug */ = {
			isa = XCBuildConfiguration;
			buildSettings = {
				ALWAYS_EMBED_SWIFT_STANDARD_LIBRARIES = YES;
				BUNDLE_LOADER = "$(TEST_HOST)";
				CODE_SIGN_STYLE = Automatic;
				DEVELOPMENT_TEAM = 2QKV9Z3799;
				INFOPLIST_FILE = UndefinedTests/Info.plist;
				IPHONEOS_DEPLOYMENT_TARGET = 14.0;
				LD_RUNPATH_SEARCH_PATHS = (
					"$(inherited)",
					"@executable_path/Frameworks",
					"@loader_path/Frameworks",
				);
				PRODUCT_BUNDLE_IDENTIFIER = com.IslandIdealist.UndefinedTests;
				PRODUCT_NAME = "$(TARGET_NAME)";
				SWIFT_VERSION = 5.0;
				TARGETED_DEVICE_FAMILY = "1,2";
				TEST_HOST = "$(BUILT_PRODUCTS_DIR)/Undefined.app/Undefined";
			};
			name = Debug;
		};
		81DBF1FE259BCF570097AAF7 /* Release */ = {
			isa = XCBuildConfiguration;
			buildSettings = {
				ALWAYS_EMBED_SWIFT_STANDARD_LIBRARIES = YES;
				BUNDLE_LOADER = "$(TEST_HOST)";
				CODE_SIGN_STYLE = Automatic;
				DEVELOPMENT_TEAM = 2QKV9Z3799;
				INFOPLIST_FILE = UndefinedTests/Info.plist;
				IPHONEOS_DEPLOYMENT_TARGET = 14.0;
				LD_RUNPATH_SEARCH_PATHS = (
					"$(inherited)",
					"@executable_path/Frameworks",
					"@loader_path/Frameworks",
				);
				PRODUCT_BUNDLE_IDENTIFIER = com.IslandIdealist.UndefinedTests;
				PRODUCT_NAME = "$(TARGET_NAME)";
				SWIFT_VERSION = 5.0;
				TARGETED_DEVICE_FAMILY = "1,2";
				TEST_HOST = "$(BUILT_PRODUCTS_DIR)/Undefined.app/Undefined";
			};
			name = Release;
		};
		81DBF200259BCF570097AAF7 /* Debug */ = {
			isa = XCBuildConfiguration;
			buildSettings = {
				ALWAYS_EMBED_SWIFT_STANDARD_LIBRARIES = YES;
				CODE_SIGN_STYLE = Automatic;
				DEVELOPMENT_TEAM = 2QKV9Z3799;
				INFOPLIST_FILE = UndefinedUITests/Info.plist;
				LD_RUNPATH_SEARCH_PATHS = (
					"$(inherited)",
					"@executable_path/Frameworks",
					"@loader_path/Frameworks",
				);
				PRODUCT_BUNDLE_IDENTIFIER = com.IslandIdealist.UndefinedUITests;
				PRODUCT_NAME = "$(TARGET_NAME)";
				SWIFT_VERSION = 5.0;
				TARGETED_DEVICE_FAMILY = "1,2";
				TEST_TARGET_NAME = Undefined;
			};
			name = Debug;
		};
		81DBF201259BCF570097AAF7 /* Release */ = {
			isa = XCBuildConfiguration;
			buildSettings = {
				ALWAYS_EMBED_SWIFT_STANDARD_LIBRARIES = YES;
				CODE_SIGN_STYLE = Automatic;
				DEVELOPMENT_TEAM = 2QKV9Z3799;
				INFOPLIST_FILE = UndefinedUITests/Info.plist;
				LD_RUNPATH_SEARCH_PATHS = (
					"$(inherited)",
					"@executable_path/Frameworks",
					"@loader_path/Frameworks",
				);
				PRODUCT_BUNDLE_IDENTIFIER = com.IslandIdealist.UndefinedUITests;
				PRODUCT_NAME = "$(TARGET_NAME)";
				SWIFT_VERSION = 5.0;
				TARGETED_DEVICE_FAMILY = "1,2";
				TEST_TARGET_NAME = Undefined;
			};
			name = Release;
		};
/* End XCBuildConfiguration section */

/* Begin XCConfigurationList section */
		81DBF1CF259BCF560097AAF7 /* Build configuration list for PBXProject "Undefined" */ = {
			isa = XCConfigurationList;
			buildConfigurations = (
				81DBF1F7259BCF570097AAF7 /* Debug */,
				81DBF1F8259BCF570097AAF7 /* Release */,
			);
			defaultConfigurationIsVisible = 0;
			defaultConfigurationName = Release;
		};
		81DBF1F9259BCF570097AAF7 /* Build configuration list for PBXNativeTarget "Undefined" */ = {
			isa = XCConfigurationList;
			buildConfigurations = (
				81DBF1FA259BCF570097AAF7 /* Debug */,
				81DBF1FB259BCF570097AAF7 /* Release */,
			);
			defaultConfigurationIsVisible = 0;
			defaultConfigurationName = Release;
		};
		81DBF1FC259BCF570097AAF7 /* Build configuration list for PBXNativeTarget "UndefinedTests" */ = {
			isa = XCConfigurationList;
			buildConfigurations = (
				81DBF1FD259BCF570097AAF7 /* Debug */,
				81DBF1FE259BCF570097AAF7 /* Release */,
			);
			defaultConfigurationIsVisible = 0;
			defaultConfigurationName = Release;
		};
		81DBF1FF259BCF570097AAF7 /* Build configuration list for PBXNativeTarget "UndefinedUITests" */ = {
			isa = XCConfigurationList;
			buildConfigurations = (
				81DBF200259BCF570097AAF7 /* Debug */,
				81DBF201259BCF570097AAF7 /* Release */,
			);
			defaultConfigurationIsVisible = 0;
			defaultConfigurationName = Release;
		};
/* End XCConfigurationList section */
	};
	rootObject = 81DBF1CC259BCF560097AAF7 /* Project object */;
}
